
Microsoft Visual Studio Solution File, Format Version 12.00
# Visual Studio 15
VisualStudioVersion = 15.0.26430.14
MinimumVisualStudioVersion = 10.0.40219.1
Project("{FAE04EC0-301F-11D3-BF4B-00C04F79EFBC}") = "Pets_identifier.Android", "Pets_identifier\Pets_identifier.Android\Pets_identifier.Android.csproj", "{DAE271B8-D546-4EFB-AA39-B2F401F4863B}"
EndProject
Project("{FAE04EC0-301F-11D3-BF4B-00C04F79EFBC}") = "Pets_identifier", "Pets_identifier\Pets_identifier\Pets_identifier.csproj", "{02204C4E-024A-4E6C-BD0E-F52310AF90BD}"
EndProject
Project("{FAE04EC0-301F-11D3-BF4B-00C04F79EFBC}") = "Pets_identifier.UWP", "Pets_identifier\Pets_identifier.UWP\Pets_identifier.UWP.csproj", "{08D0EF80-062B-4F75-85F5-F836E5518548}"
EndProject
Project("{FAE04EC0-301F-11D3-BF4B-00C04F79EFBC}") = "Pets_identifier.iOS", "Pets_identifier\Pets_identifier.iOS\Pets_identifier.iOS.csproj", "{B317501A-CB31-4B45-9F9C-18C70E0946E8}"
EndProject
Global
	GlobalSection(SolutionConfigurationPlatforms) = preSolution
		Ad-Hoc|Any CPU = Ad-Hoc|Any CPU
		Ad-Hoc|ARM = Ad-Hoc|ARM
		Ad-Hoc|iPhone = Ad-Hoc|iPhone
		Ad-Hoc|iPhoneSimulator = Ad-Hoc|iPhoneSimulator
		Ad-Hoc|x64 = Ad-Hoc|x64
		Ad-Hoc|x86 = Ad-Hoc|x86
		AppStore|Any CPU = AppStore|Any CPU
		AppStore|ARM = AppStore|ARM
		AppStore|iPhone = AppStore|iPhone
		AppStore|iPhoneSimulator = AppStore|iPhoneSimulator
		AppStore|x64 = AppStore|x64
		AppStore|x86 = AppStore|x86
		Debug|Any CPU = Debug|Any CPU
		Debug|ARM = Debug|ARM
		Debug|iPhone = Debug|iPhone
		Debug|iPhoneSimulator = Debug|iPhoneSimulator
		Debug|x64 = Debug|x64
		Debug|x86 = Debug|x86
		Release|Any CPU = Release|Any CPU
		Release|ARM = Release|ARM
		Release|iPhone = Release|iPhone
		Release|iPhoneSimulator = Release|iPhoneSimulator
		Release|x64 = Release|x64
		Release|x86 = Release|x86
	EndGlobalSection
	GlobalSection(ProjectConfigurationPlatforms) = postSolution
		{DAE271B8-D546-4EFB-AA39-B2F401F4863B}.Ad-Hoc|Any CPU.ActiveCfg = Release|Any CPU
		{DAE271B8-D546-4EFB-AA39-B2F401F4863B}.Ad-Hoc|Any CPU.Build.0 = Release|Any CPU
		{DAE271B8-D546-4EFB-AA39-B2F401F4863B}.Ad-Hoc|Any CPU.Deploy.0 = Release|Any CPU
		{DAE271B8-D546-4EFB-AA39-B2F401F4863B}.Ad-Hoc|ARM.ActiveCfg = Release|Any CPU
		{DAE271B8-D546-4EFB-AA39-B2F401F4863B}.Ad-Hoc|ARM.Build.0 = Release|Any CPU
		{DAE271B8-D546-4EFB-AA39-B2F401F4863B}.Ad-Hoc|ARM.Deploy.0 = Release|Any CPU
		{DAE271B8-D546-4EFB-AA39-B2F401F4863B}.Ad-Hoc|iPhone.ActiveCfg = Release|Any CPU
		{DAE271B8-D546-4EFB-AA39-B2F401F4863B}.Ad-Hoc|iPhone.Build.0 = Release|Any CPU
		{DAE271B8-D546-4EFB-AA39-B2F401F4863B}.Ad-Hoc|iPhone.Deploy.0 = Release|Any CPU
		{DAE271B8-D546-4EFB-AA39-B2F401F4863B}.Ad-Hoc|iPhoneSimulator.ActiveCfg = Release|Any CPU
		{DAE271B8-D546-4EFB-AA39-B2F401F4863B}.Ad-Hoc|iPhoneSimulator.Build.0 = Release|Any CPU
		{DAE271B8-D546-4EFB-AA39-B2F401F4863B}.Ad-Hoc|iPhoneSimulator.Deploy.0 = Release|Any CPU
		{DAE271B8-D546-4EFB-AA39-B2F401F4863B}.Ad-Hoc|x64.ActiveCfg = Release|Any CPU
		{DAE271B8-D546-4EFB-AA39-B2F401F4863B}.Ad-Hoc|x64.Build.0 = Release|Any CPU
		{DAE271B8-D546-4EFB-AA39-B2F401F4863B}.Ad-Hoc|x64.Deploy.0 = Release|Any CPU
		{DAE271B8-D546-4EFB-AA39-B2F401F4863B}.Ad-Hoc|x86.ActiveCfg = Release|Any CPU
		{DAE271B8-D546-4EFB-AA39-B2F401F4863B}.Ad-Hoc|x86.Build.0 = Release|Any CPU
		{DAE271B8-D546-4EFB-AA39-B2F401F4863B}.Ad-Hoc|x86.Deploy.0 = Release|Any CPU
		{DAE271B8-D546-4EFB-AA39-B2F401F4863B}.AppStore|Any CPU.ActiveCfg = Release|Any CPU
		{DAE271B8-D546-4EFB-AA39-B2F401F4863B}.AppStore|Any CPU.Build.0 = Release|Any CPU
		{DAE271B8-D546-4EFB-AA39-B2F401F4863B}.AppStore|Any CPU.Deploy.0 = Release|Any CPU
		{DAE271B8-D546-4EFB-AA39-B2F401F4863B}.AppStore|ARM.ActiveCfg = Release|Any CPU
		{DAE271B8-D546-4EFB-AA39-B2F401F4863B}.AppStore|ARM.Build.0 = Release|Any CPU
		{DAE271B8-D546-4EFB-AA39-B2F401F4863B}.AppStore|ARM.Deploy.0 = Release|Any CPU
		{DAE271B8-D546-4EFB-AA39-B2F401F4863B}.AppStore|iPhone.ActiveCfg = Release|Any CPU
		{DAE271B8-D546-4EFB-AA39-B2F401F4863B}.AppStore|iPhone.Build.0 = Release|Any CPU
		{DAE271B8-D546-4EFB-AA39-B2F401F4863B}.AppStore|iPhone.Deploy.0 = Release|Any CPU
		{DAE271B8-D546-4EFB-AA39-B2F401F4863B}.AppStore|iPhoneSimulator.ActiveCfg = Release|Any CPU
		{DAE271B8-D546-4EFB-AA39-B2F401F4863B}.AppStore|iPhoneSimulator.Build.0 = Release|Any CPU
		{DAE271B8-D546-4EFB-AA39-B2F401F4863B}.AppStore|iPhoneSimulator.Deploy.0 = Release|Any CPU
		{DAE271B8-D546-4EFB-AA39-B2F401F4863B}.AppStore|x64.ActiveCfg = Release|Any CPU
		{DAE271B8-D546-4EFB-AA39-B2F401F4863B}.AppStore|x64.Build.0 = Release|Any CPU
		{DAE271B8-D546-4EFB-AA39-B2F401F4863B}.AppStore|x64.Deploy.0 = Release|Any CPU
		{DAE271B8-D546-4EFB-AA39-B2F401F4863B}.AppStore|x86.ActiveCfg = Release|Any CPU
		{DAE271B8-D546-4EFB-AA39-B2F401F4863B}.AppStore|x86.Build.0 = Release|Any CPU
		{DAE271B8-D546-4EFB-AA39-B2F401F4863B}.AppStore|x86.Deploy.0 = Release|Any CPU
		{DAE271B8-D546-4EFB-AA39-B2F401F4863B}.Debug|Any CPU.ActiveCfg = Debug|Any CPU
		{DAE271B8-D546-4EFB-AA39-B2F401F4863B}.Debug|Any CPU.Build.0 = Debug|Any CPU
		{DAE271B8-D546-4EFB-AA39-B2F401F4863B}.Debug|Any CPU.Deploy.0 = Debug|Any CPU
		{DAE271B8-D546-4EFB-AA39-B2F401F4863B}.Debug|ARM.ActiveCfg = Debug|Any CPU
		{DAE271B8-D546-4EFB-AA39-B2F401F4863B}.Debug|ARM.Build.0 = Debug|Any CPU
		{DAE271B8-D546-4EFB-AA39-B2F401F4863B}.Debug|ARM.Deploy.0 = Debug|Any CPU
		{DAE271B8-D546-4EFB-AA39-B2F401F4863B}.Debug|iPhone.ActiveCfg = Debug|Any CPU
		{DAE271B8-D546-4EFB-AA39-B2F401F4863B}.Debug|iPhone.Build.0 = Debug|Any CPU
		{DAE271B8-D546-4EFB-AA39-B2F401F4863B}.Debug|iPhone.Deploy.0 = Debug|Any CPU
		{DAE271B8-D546-4EFB-AA39-B2F401F4863B}.Debug|iPhoneSimulator.ActiveCfg = Debug|Any CPU
		{DAE271B8-D546-4EFB-AA39-B2F401F4863B}.Debug|iPhoneSimulator.Build.0 = Debug|Any CPU
		{DAE271B8-D546-4EFB-AA39-B2F401F4863B}.Debug|iPhoneSimulator.Deploy.0 = Debug|Any CPU
		{DAE271B8-D546-4EFB-AA39-B2F401F4863B}.Debug|x64.ActiveCfg = Debug|Any CPU
		{DAE271B8-D546-4EFB-AA39-B2F401F4863B}.Debug|x64.Build.0 = Debug|Any CPU
		{DAE271B8-D546-4EFB-AA39-B2F401F4863B}.Debug|x64.Deploy.0 = Debug|Any CPU
		{DAE271B8-D546-4EFB-AA39-B2F401F4863B}.Debug|x86.ActiveCfg = Debug|Any CPU
		{DAE271B8-D546-4EFB-AA39-B2F401F4863B}.Debug|x86.Build.0 = Debug|Any CPU
		{DAE271B8-D546-4EFB-AA39-B2F401F4863B}.Debug|x86.Deploy.0 = Debug|Any CPU
		{DAE271B8-D546-4EFB-AA39-B2F401F4863B}.Release|Any CPU.ActiveCfg = Release|Any CPU
		{DAE271B8-D546-4EFB-AA39-B2F401F4863B}.Release|Any CPU.Build.0 = Release|Any CPU
		{DAE271B8-D546-4EFB-AA39-B2F401F4863B}.Release|Any CPU.Deploy.0 = Release|Any CPU
		{DAE271B8-D546-4EFB-AA39-B2F401F4863B}.Release|ARM.ActiveCfg = Release|Any CPU
		{DAE271B8-D546-4EFB-AA39-B2F401F4863B}.Release|ARM.Build.0 = Release|Any CPU
		{DAE271B8-D546-4EFB-AA39-B2F401F4863B}.Release|ARM.Deploy.0 = Release|Any CPU
		{DAE271B8-D546-4EFB-AA39-B2F401F4863B}.Release|iPhone.ActiveCfg = Release|Any CPU
		{DAE271B8-D546-4EFB-AA39-B2F401F4863B}.Release|iPhone.Build.0 = Release|Any CPU
		{DAE271B8-D546-4EFB-AA39-B2F401F4863B}.Release|iPhone.Deploy.0 = Release|Any CPU
		{DAE271B8-D546-4EFB-AA39-B2F401F4863B}.Release|iPhoneSimulator.ActiveCfg = Release|Any CPU
		{DAE271B8-D546-4EFB-AA39-B2F401F4863B}.Release|iPhoneSimulator.Build.0 = Release|Any CPU
		{DAE271B8-D546-4EFB-AA39-B2F401F4863B}.Release|iPhoneSimulator.Deploy.0 = Release|Any CPU
		{DAE271B8-D546-4EFB-AA39-B2F401F4863B}.Release|x64.ActiveCfg = Release|Any CPU
		{DAE271B8-D546-4EFB-AA39-B2F401F4863B}.Release|x64.Build.0 = Release|Any CPU
		{DAE271B8-D546-4EFB-AA39-B2F401F4863B}.Release|x64.Deploy.0 = Release|Any CPU
		{DAE271B8-D546-4EFB-AA39-B2F401F4863B}.Release|x86.ActiveCfg = Release|Any CPU
		{DAE271B8-D546-4EFB-AA39-B2F401F4863B}.Release|x86.Build.0 = Release|Any CPU
		{DAE271B8-D546-4EFB-AA39-B2F401F4863B}.Release|x86.Deploy.0 = Release|Any CPU
		{02204C4E-024A-4E6C-BD0E-F52310AF90BD}.Ad-Hoc|Any CPU.ActiveCfg = Release|Any CPU
		{02204C4E-024A-4E6C-BD0E-F52310AF90BD}.Ad-Hoc|Any CPU.Build.0 = Release|Any CPU
		{02204C4E-024A-4E6C-BD0E-F52310AF90BD}.Ad-Hoc|ARM.ActiveCfg = Release|Any CPU
		{02204C4E-024A-4E6C-BD0E-F52310AF90BD}.Ad-Hoc|ARM.Build.0 = Release|Any CPU
		{02204C4E-024A-4E6C-BD0E-F52310AF90BD}.Ad-Hoc|iPhone.ActiveCfg = Release|Any CPU
		{02204C4E-024A-4E6C-BD0E-F52310AF90BD}.Ad-Hoc|iPhone.Build.0 = Release|Any CPU
		{02204C4E-024A-4E6C-BD0E-F52310AF90BD}.Ad-Hoc|iPhoneSimulator.ActiveCfg = Release|Any CPU
		{02204C4E-024A-4E6C-BD0E-F52310AF90BD}.Ad-Hoc|iPhoneSimulator.Build.0 = Release|Any CPU
		{02204C4E-024A-4E6C-BD0E-F52310AF90BD}.Ad-Hoc|x64.ActiveCfg = Release|Any CPU
		{02204C4E-024A-4E6C-BD0E-F52310AF90BD}.Ad-Hoc|x64.Build.0 = Release|Any CPU
		{02204C4E-024A-4E6C-BD0E-F52310AF90BD}.Ad-Hoc|x86.ActiveCfg = Release|Any CPU
		{02204C4E-024A-4E6C-BD0E-F52310AF90BD}.Ad-Hoc|x86.Build.0 = Release|Any CPU
		{02204C4E-024A-4E6C-BD0E-F52310AF90BD}.AppStore|Any CPU.ActiveCfg = Release|Any CPU
		{02204C4E-024A-4E6C-BD0E-F52310AF90BD}.AppStore|Any CPU.Build.0 = Release|Any CPU
		{02204C4E-024A-4E6C-BD0E-F52310AF90BD}.AppStore|ARM.ActiveCfg = Release|Any CPU
		{02204C4E-024A-4E6C-BD0E-F52310AF90BD}.AppStore|ARM.Build.0 = Release|Any CPU
		{02204C4E-024A-4E6C-BD0E-F52310AF90BD}.AppStore|iPhone.ActiveCfg = Release|Any CPU
		{02204C4E-024A-4E6C-BD0E-F52310AF90BD}.AppStore|iPhone.Build.0 = Release|Any CPU
		{02204C4E-024A-4E6C-BD0E-F52310AF90BD}.AppStore|iPhoneSimulator.ActiveCfg = Release|Any CPU
		{02204C4E-024A-4E6C-BD0E-F52310AF90BD}.AppStore|iPhoneSimulator.Build.0 = Release|Any CPU
		{02204C4E-024A-4E6C-BD0E-F52310AF90BD}.AppStore|x64.ActiveCfg = Release|Any CPU
		{02204C4E-024A-4E6C-BD0E-F52310AF90BD}.AppStore|x64.Build.0 = Release|Any CPU
		{02204C4E-024A-4E6C-BD0E-F52310AF90BD}.AppStore|x86.ActiveCfg = Release|Any CPU
		{02204C4E-024A-4E6C-BD0E-F52310AF90BD}.AppStore|x86.Build.0 = Release|Any CPU
		{02204C4E-024A-4E6C-BD0E-F52310AF90BD}.Debug|Any CPU.ActiveCfg = Debug|Any CPU
		{02204C4E-024A-4E6C-BD0E-F52310AF90BD}.Debug|Any CPU.Build.0 = Debug|Any CPU
		{02204C4E-024A-4E6C-BD0E-F52310AF90BD}.Debug|ARM.ActiveCfg = Debug|Any CPU
		{02204C4E-024A-4E6C-BD0E-F52310AF90BD}.Debug|ARM.Build.0 = Debug|Any CPU
		{02204C4E-024A-4E6C-BD0E-F52310AF90BD}.Debug|iPhone.ActiveCfg = Debug|Any CPU
		{02204C4E-024A-4E6C-BD0E-F52310AF90BD}.Debug|iPhone.Build.0 = Debug|Any CPU
		{02204C4E-024A-4E6C-BD0E-F52310AF90BD}.Debug|iPhoneSimulator.ActiveCfg = Debug|Any CPU
		{02204C4E-024A-4E6C-BD0E-F52310AF90BD}.Debug|iPhoneSimulator.Build.0 = Debug|Any CPU
		{02204C4E-024A-4E6C-BD0E-F52310AF90BD}.Debug|x64.ActiveCfg = Debug|Any CPU
		{02204C4E-024A-4E6C-BD0E-F52310AF90BD}.Debug|x64.Build.0 = Debug|Any CPU
		{02204C4E-024A-4E6C-BD0E-F52310AF90BD}.Debug|x86.ActiveCfg = Debug|Any CPU
		{02204C4E-024A-4E6C-BD0E-F52310AF90BD}.Debug|x86.Build.0 = Debug|Any CPU
		{02204C4E-024A-4E6C-BD0E-F52310AF90BD}.Release|Any CPU.ActiveCfg = Release|Any CPU
		{02204C4E-024A-4E6C-BD0E-F52310AF90BD}.Release|Any CPU.Build.0 = Release|Any CPU
		{02204C4E-024A-4E6C-BD0E-F52310AF90BD}.Release|ARM.ActiveCfg = Release|Any CPU
		{02204C4E-024A-4E6C-BD0E-F52310AF90BD}.Release|ARM.Build.0 = Release|Any CPU
		{02204C4E-024A-4E6C-BD0E-F52310AF90BD}.Release|iPhone.ActiveCfg = Release|Any CPU
		{02204C4E-024A-4E6C-BD0E-F52310AF90BD}.Release|iPhone.Build.0 = Release|Any CPU
		{02204C4E-024A-4E6C-BD0E-F52310AF90BD}.Release|iPhoneSimulator.ActiveCfg = Release|Any CPU
		{02204C4E-024A-4E6C-BD0E-F52310AF90BD}.Release|iPhoneSimulator.Build.0 = Release|Any CPU
		{02204C4E-024A-4E6C-BD0E-F52310AF90BD}.Release|x64.ActiveCfg = Release|Any CPU
		{02204C4E-024A-4E6C-BD0E-F52310AF90BD}.Release|x64.Build.0 = Release|Any CPU
		{02204C4E-024A-4E6C-BD0E-F52310AF90BD}.Release|x86.ActiveCfg = Release|Any CPU
		{02204C4E-024A-4E6C-BD0E-F52310AF90BD}.Release|x86.Build.0 = Release|Any CPU
		{08D0EF80-062B-4F75-85F5-F836E5518548}.Ad-Hoc|Any CPU.ActiveCfg = Release|x86
		{08D0EF80-062B-4F75-85F5-F836E5518548}.Ad-Hoc|Any CPU.Build.0 = Release|x86
		{08D0EF80-062B-4F75-85F5-F836E5518548}.Ad-Hoc|Any CPU.Deploy.0 = Release|x86
		{08D0EF80-062B-4F75-85F5-F836E5518548}.Ad-Hoc|ARM.ActiveCfg = Release|ARM
		{08D0EF80-062B-4F75-85F5-F836E5518548}.Ad-Hoc|ARM.Build.0 = Release|ARM
		{08D0EF80-062B-4F75-85F5-F836E5518548}.Ad-Hoc|ARM.Deploy.0 = Release|ARM
		{08D0EF80-062B-4F75-85F5-F836E5518548}.Ad-Hoc|iPhone.ActiveCfg = Release|x86
		{08D0EF80-062B-4F75-85F5-F836E5518548}.Ad-Hoc|iPhone.Build.0 = Release|x86
		{08D0EF80-062B-4F75-85F5-F836E5518548}.Ad-Hoc|iPhone.Deploy.0 = Release|x86
		{08D0EF80-062B-4F75-85F5-F836E5518548}.Ad-Hoc|iPhoneSimulator.ActiveCfg = Release|x86
		{08D0EF80-062B-4F75-85F5-F836E5518548}.Ad-Hoc|iPhoneSimulator.Build.0 = Release|x86
		{08D0EF80-062B-4F75-85F5-F836E5518548}.Ad-Hoc|iPhoneSimulator.Deploy.0 = Release|x86
		{08D0EF80-062B-4F75-85F5-F836E5518548}.Ad-Hoc|x64.ActiveCfg = Release|x64
		{08D0EF80-062B-4F75-85F5-F836E5518548}.Ad-Hoc|x64.Build.0 = Release|x64
		{08D0EF80-062B-4F75-85F5-F836E5518548}.Ad-Hoc|x64.Deploy.0 = Release|x64
		{08D0EF80-062B-4F75-85F5-F836E5518548}.Ad-Hoc|x86.ActiveCfg = Release|x86
		{08D0EF80-062B-4F75-85F5-F836E5518548}.Ad-Hoc|x86.Build.0 = Release|x86
		{08D0EF80-062B-4F75-85F5-F836E5518548}.Ad-Hoc|x86.Deploy.0 = Release|x86
		{08D0EF80-062B-4F75-85F5-F836E5518548}.AppStore|Any CPU.ActiveCfg = Release|x86
		{08D0EF80-062B-4F75-85F5-F836E5518548}.AppStore|Any CPU.Build.0 = Release|x86
		{08D0EF80-062B-4F75-85F5-F836E5518548}.AppStore|Any CPU.Deploy.0 = Release|x86
		{08D0EF80-062B-4F75-85F5-F836E5518548}.AppStore|ARM.ActiveCfg = Release|ARM
		{08D0EF80-062B-4F75-85F5-F836E5518548}.AppStore|ARM.Build.0 = Release|ARM
		{08D0EF80-062B-4F75-85F5-F836E5518548}.AppStore|ARM.Deploy.0 = Release|ARM
		{08D0EF80-062B-4F75-85F5-F836E5518548}.AppStore|iPhone.ActiveCfg = Release|x86
		{08D0EF80-062B-4F75-85F5-F836E5518548}.AppStore|iPhone.Build.0 = Release|x86
		{08D0EF80-062B-4F75-85F5-F836E5518548}.AppStore|iPhone.Deploy.0 = Release|x86
		{08D0EF80-062B-4F75-85F5-F836E5518548}.AppStore|iPhoneSimulator.ActiveCfg = Release|x86
		{08D0EF80-062B-4F75-85F5-F836E5518548}.AppStore|iPhoneSimulator.Build.0 = Release|x86
		{08D0EF80-062B-4F75-85F5-F836E5518548}.AppStore|iPhoneSimulator.Deploy.0 = Release|x86
		{08D0EF80-062B-4F75-85F5-F836E5518548}.AppStore|x64.ActiveCfg = Release|x64
		{08D0EF80-062B-4F75-85F5-F836E5518548}.AppStore|x64.Build.0 = Release|x64
		{08D0EF80-062B-4F75-85F5-F836E5518548}.AppStore|x64.Deploy.0 = Release|x64
		{08D0EF80-062B-4F75-85F5-F836E5518548}.AppStore|x86.ActiveCfg = Release|x86
		{08D0EF80-062B-4F75-85F5-F836E5518548}.AppStore|x86.Build.0 = Release|x86
		{08D0EF80-062B-4F75-85F5-F836E5518548}.AppStore|x86.Deploy.0 = Release|x86
		{08D0EF80-062B-4F75-85F5-F836E5518548}.Debug|Any CPU.ActiveCfg = Debug|x86
		{08D0EF80-062B-4F75-85F5-F836E5518548}.Debug|ARM.ActiveCfg = Debug|ARM
		{08D0EF80-062B-4F75-85F5-F836E5518548}.Debug|ARM.Build.0 = Debug|ARM
		{08D0EF80-062B-4F75-85F5-F836E5518548}.Debug|ARM.Deploy.0 = Debug|ARM
		{08D0EF80-062B-4F75-85F5-F836E5518548}.Debug|iPhone.ActiveCfg = Debug|x86
		{08D0EF80-062B-4F75-85F5-F836E5518548}.Debug|iPhoneSimulator.ActiveCfg = Debug|x86
		{08D0EF80-062B-4F75-85F5-F836E5518548}.Debug|x64.ActiveCfg = Debug|x64
		{08D0EF80-062B-4F75-85F5-F836E5518548}.Debug|x64.Build.0 = Debug|x64
		{08D0EF80-062B-4F75-85F5-F836E5518548}.Debug|x64.Deploy.0 = Debug|x64
		{08D0EF80-062B-4F75-85F5-F836E5518548}.Debug|x86.ActiveCfg = Debug|x86
		{08D0EF80-062B-4F75-85F5-F836E5518548}.Debug|x86.Build.0 = Debug|x86
		{08D0EF80-062B-4F75-85F5-F836E5518548}.Debug|x86.Deploy.0 = Debug|x86
		{08D0EF80-062B-4F75-85F5-F836E5518548}.Release|Any CPU.ActiveCfg = Release|x86
		{08D0EF80-062B-4F75-85F5-F836E5518548}.Release|ARM.ActiveCfg = Release|ARM
		{08D0EF80-062B-4F75-85F5-F836E5518548}.Release|ARM.Build.0 = Release|ARM
		{08D0EF80-062B-4F75-85F5-F836E5518548}.Release|ARM.Deploy.0 = Release|ARM
		{08D0EF80-062B-4F75-85F5-F836E5518548}.Release|iPhone.ActiveCfg = Release|x86
		{08D0EF80-062B-4F75-85F5-F836E5518548}.Release|iPhoneSimulator.ActiveCfg = Release|x86
		{08D0EF80-062B-4F75-85F5-F836E5518548}.Release|x64.ActiveCfg = Release|x64
		{08D0EF80-062B-4F75-85F5-F836E5518548}.Release|x64.Build.0 = Release|x64
		{08D0EF80-062B-4F75-85F5-F836E5518548}.Release|x64.Deploy.0 = Release|x64
		{08D0EF80-062B-4F75-85F5-F836E5518548}.Release|x86.ActiveCfg = Release|x86
		{08D0EF80-062B-4F75-85F5-F836E5518548}.Release|x86.Build.0 = Release|x86
		{08D0EF80-062B-4F75-85F5-F836E5518548}.Release|x86.Deploy.0 = Release|x86
		{B317501A-CB31-4B45-9F9C-18C70E0946E8}.Ad-Hoc|Any CPU.ActiveCfg = Ad-Hoc|iPhone
		{B317501A-CB31-4B45-9F9C-18C70E0946E8}.Ad-Hoc|ARM.ActiveCfg = Ad-Hoc|iPhone
		{B317501A-CB31-4B45-9F9C-18C70E0946E8}.Ad-Hoc|iPhone.ActiveCfg = Ad-Hoc|iPhone
		{B317501A-CB31-4B45-9F9C-18C70E0946E8}.Ad-Hoc|iPhone.Build.0 = Ad-Hoc|iPhone
		{B317501A-CB31-4B45-9F9C-18C70E0946E8}.Ad-Hoc|iPhoneSimulator.ActiveCfg = Ad-Hoc|iPhoneSimulator
		{B317501A-CB31-4B45-9F9C-18C70E0946E8}.Ad-Hoc|iPhoneSimulator.Build.0 = Ad-Hoc|iPhoneSimulator
		{B317501A-CB31-4B45-9F9C-18C70E0946E8}.Ad-Hoc|x64.ActiveCfg = Ad-Hoc|iPhone
		{B317501A-CB31-4B45-9F9C-18C70E0946E8}.Ad-Hoc|x86.ActiveCfg = Ad-Hoc|iPhone
		{B317501A-CB31-4B45-9F9C-18C70E0946E8}.AppStore|Any CPU.ActiveCfg = AppStore|iPhone
		{B317501A-CB31-4B45-9F9C-18C70E0946E8}.AppStore|ARM.ActiveCfg = AppStore|iPhone
		{B317501A-CB31-4B45-9F9C-18C70E0946E8}.AppStore|iPhone.ActiveCfg = AppStore|iPhone
		{B317501A-CB31-4B45-9F9C-18C70E0946E8}.AppStore|iPhone.Build.0 = AppStore|iPhone
		{B317501A-CB31-4B45-9F9C-18C70E0946E8}.AppStore|iPhoneSimulator.ActiveCfg = AppStore|iPhoneSimulator
		{B317501A-CB31-4B45-9F9C-18C70E0946E8}.AppStore|iPhoneSimulator.Build.0 = AppStore|iPhoneSimulator
		{B317501A-CB31-4B45-9F9C-18C70E0946E8}.AppStore|x64.ActiveCfg = AppStore|iPhone
		{B317501A-CB31-4B45-9F9C-18C70E0946E8}.AppStore|x86.ActiveCfg = AppStore|iPhone
		{B317501A-CB31-4B45-9F9C-18C70E0946E8}.Debug|Any CPU.ActiveCfg = Debug|iPhone
		{B317501A-CB31-4B45-9F9C-18C70E0946E8}.Debug|ARM.ActiveCfg = Debug|iPhone
		{B317501A-CB31-4B45-9F9C-18C70E0946E8}.Debug|iPhone.ActiveCfg = Debug|iPhone
		{B317501A-CB31-4B45-9F9C-18C70E0946E8}.Debug|iPhone.Build.0 = Debug|iPhone
		{B317501A-CB31-4B45-9F9C-18C70E0946E8}.Debug|iPhoneSimulator.ActiveCfg = Debug|iPhoneSimulator
		{B317501A-CB31-4B45-9F9C-18C70E0946E8}.Debug|iPhoneSimulator.Build.0 = Debug|iPhoneSimulator
		{B317501A-CB31-4B45-9F9C-18C70E0946E8}.Debug|x64.ActiveCfg = Debug|iPhone
		{B317501A-CB31-4B45-9F9C-18C70E0946E8}.Debug|x86.ActiveCfg = Debug|iPhone
		{B317501A-CB31-4B45-9F9C-18C70E0946E8}.Release|Any CPU.ActiveCfg = Release|iPhone
		{B317501A-CB31-4B45-9F9C-18C70E0946E8}.Release|ARM.ActiveCfg = Release|iPhone
		{B317501A-CB31-4B45-9F9C-18C70E0946E8}.Release|iPhone.ActiveCfg = Release|iPhone
		{B317501A-CB31-4B45-9F9C-18C70E0946E8}.Release|iPhone.Build.0 = Release|iPhone
		{B317501A-CB31-4B45-9F9C-18C70E0946E8}.Release|iPhoneSimulator.ActiveCfg = Release|iPhoneSimulator
		{B317501A-CB31-4B45-9F9C-18C70E0946E8}.Release|iPhoneSimulator.Build.0 = Release|iPhoneSimulator
		{B317501A-CB31-4B45-9F9C-18C70E0946E8}.Release|x64.ActiveCfg = Release|iPhone
		{B317501A-CB31-4B45-9F9C-18C70E0946E8}.Release|x86.ActiveCfg = Release|iPhone
	EndGlobalSection
	GlobalSection(SolutionProperties) = preSolution
		HideSolutionNode = FALSE
	EndGlobalSection
EndGlobal
